dependencies:
- name: postgresql
  repository: https://charts.bitnami.com/bitnami
  version: 10.2.5
- name: rabbitmq
  repository: https://charts.bitnami.com/bitnami
  version: 8.8.0
- name: vault
  repository: oci://registry.gitlab.com/xdev-tech/xdev-enterprise-business-network/vault/helm
  version: 1.0.2-develop.8
digest: sha256:4953b4adfbb039aa5e8f6bfe6b970c7339e5058c66e9cdd45a273ca48feda172
generated: "2021-05-20T15:40:31.909795987+02:00"
