dependencies:
- name: postgresql
  repository: https://charts.bitnami.com/bitnami
  version: 10.2.5
- name: rabbitmq
  repository: https://charts.bitnami.com/bitnami
  version: 8.8.0
- name: vault
  repository: https://helm.releases.hashicorp.com
  version: 0.9.1
digest: sha256:2cab821c87fad9c22eec2657d8600202c6ab09339d3cad92b0f696711a164822
generated: "2021-03-08T15:19:04.875305068+01:00"
